<Solution>
  <Folder Name="/Core/">
    <Project Path="Application/Application.csproj" />
    <Project Path="Domain/Domain.csproj" />
  </Folder>
  <Folder Name="/Infrastructure/">
    <Project Path="Persistance/Persistance.csproj" />
  </Folder>
  <Folder Name="/Presentation/">
    <Project Path="CourseWebApi/CourseWebApi.csproj" />
  </Folder>
  <Folder Name="/Tests/">
    <Project Path="Courses.Tests/Courses.Tests.csproj" Id="cd34b73b-4a20-41eb-8c3e-09ff90c6c8a2" />
  </Folder>
</Solution>
